
Microsoft Visual Studio Solution File, Format Version 12.00
# Visual Studio Version 17
VisualStudioVersion = 17.8.34525.116
MinimumVisualStudioVersion = 10.0.40219.1
Project("{2150E333-8FDC-42A3-9474-1A3956D46DE8}") = "Services", "Services", "{70DE9417-94A9-4D22-A324-2758512B78F6}"
EndProject
Project("{2150E333-8FDC-42A3-9474-1A3956D46DE8}") = "Catalog", "Catalog", "{0DAD71D5-B92F-44DC-9CA6-B95E73EFB9C8}"
EndProject
Project("{9A19103F-16F7-4668-BE54-9A1E7A4F7556}") = "CatalogAPI", "src\Services\Catalog\CatalogAPI\CatalogAPI.csproj", "{D487390F-4E40-4F23-94A3-85A820260655}"
EndProject
Project("{2150E333-8FDC-42A3-9474-1A3956D46DE8}") = "BuildingBlocks", "BuildingBlocks", "{8A9098F9-2E23-41D4-B8CE-D8573550019E}"
EndProject
Project("{9A19103F-16F7-4668-BE54-9A1E7A4F7556}") = "BuildingBlocks", "src\BuildingBlocks\BuildingBlocks\BuildingBlocks.csproj", "{EBEECD70-EE04-4084-B7D5-7889DACFF864}"
EndProject
Project("{E53339B2-1760-4266-BCC7-CA923CBCF16C}") = "docker-compose", "docker-compose.dcproj", "{53D925E7-87B5-45D0-99FE-AF5D8EA2CAE0}"
EndProject
Global
	GlobalSection(SolutionConfigurationPlatforms) = preSolution
		Debug|Any CPU = Debug|Any CPU
		Release|Any CPU = Release|Any CPU
	EndGlobalSection
	GlobalSection(ProjectConfigurationPlatforms) = postSolution
		{D487390F-4E40-4F23-94A3-85A820260655}.Debug|Any CPU.ActiveCfg = Debug|Any CPU
		{D487390F-4E40-4F23-94A3-85A820260655}.Debug|Any CPU.Build.0 = Debug|Any CPU
		{D487390F-4E40-4F23-94A3-85A820260655}.Release|Any CPU.ActiveCfg = Release|Any CPU
		{D487390F-4E40-4F23-94A3-85A820260655}.Release|Any CPU.Build.0 = Release|Any CPU
		{EBEECD70-EE04-4084-B7D5-7889DACFF864}.Debug|Any CPU.ActiveCfg = Debug|Any CPU
		{EBEECD70-EE04-4084-B7D5-7889DACFF864}.Debug|Any CPU.Build.0 = Debug|Any CPU
		{EBEECD70-EE04-4084-B7D5-7889DACFF864}.Release|Any CPU.ActiveCfg = Release|Any CPU
		{EBEECD70-EE04-4084-B7D5-7889DACFF864}.Release|Any CPU.Build.0 = Release|Any CPU
		{53D925E7-87B5-45D0-99FE-AF5D8EA2CAE0}.Debug|Any CPU.ActiveCfg = Debug|Any CPU
		{53D925E7-87B5-45D0-99FE-AF5D8EA2CAE0}.Debug|Any CPU.Build.0 = Debug|Any CPU
		{53D925E7-87B5-45D0-99FE-AF5D8EA2CAE0}.Release|Any CPU.ActiveCfg = Release|Any CPU
		{53D925E7-87B5-45D0-99FE-AF5D8EA2CAE0}.Release|Any CPU.Build.0 = Release|Any CPU
	EndGlobalSection
	GlobalSection(SolutionProperties) = preSolution
		HideSolutionNode = FALSE
	EndGlobalSection
	GlobalSection(NestedProjects) = preSolution
		{0DAD71D5-B92F-44DC-9CA6-B95E73EFB9C8} = {70DE9417-94A9-4D22-A324-2758512B78F6}
		{D487390F-4E40-4F23-94A3-85A820260655} = {0DAD71D5-B92F-44DC-9CA6-B95E73EFB9C8}
		{EBEECD70-EE04-4084-B7D5-7889DACFF864} = {8A9098F9-2E23-41D4-B8CE-D8573550019E}
	EndGlobalSection
	GlobalSection(ExtensibilityGlobals) = postSolution
		SolutionGuid = {9D9F24C0-481B-44D3-8FFF-74E8AF6C2320}
	EndGlobalSection
EndGlobal
